
Microsoft Visual Studio Solution File, Format Version 12.00
# Visual Studio Version 16
VisualStudioVersion = 16.0.30002.166
MinimumVisualStudioVersion = 10.0.40219.1
Project("{9A19103F-16F7-4668-BE54-9A1E7A4F7556}") = "SingletonPattern", "SingletonPattern\SingletonPattern.csproj", "{593BF1A5-7BD9-489A-818F-DFDA37A358C6}"
EndProject
Project("{FAE04EC0-301F-11D3-BF4B-00C04F79EFBC}") = "BuilderPattern", "BuilderPattern\BuilderPattern.csproj", "{5DC709FC-00D1-4CE7-B468-EC0E3C8CF1B2}"
EndProject
Global
	GlobalSection(SolutionConfigurationPlatforms) = preSolution
		Debug|Any CPU = Debug|Any CPU
		Release|Any CPU = Release|Any CPU
	EndGlobalSection
	GlobalSection(ProjectConfigurationPlatforms) = postSolution
		{593BF1A5-7BD9-489A-818F-DFDA37A358C6}.Debug|Any CPU.ActiveCfg = Debug|Any CPU
		{593BF1A5-7BD9-489A-818F-DFDA37A358C6}.Debug|Any CPU.Build.0 = Debug|Any CPU
		{593BF1A5-7BD9-489A-818F-DFDA37A358C6}.Release|Any CPU.ActiveCfg = Release|Any CPU
		{593BF1A5-7BD9-489A-818F-DFDA37A358C6}.Release|Any CPU.Build.0 = Release|Any CPU
		{5DC709FC-00D1-4CE7-B468-EC0E3C8CF1B2}.Debug|Any CPU.ActiveCfg = Debug|Any CPU
		{5DC709FC-00D1-4CE7-B468-EC0E3C8CF1B2}.Debug|Any CPU.Build.0 = Debug|Any CPU
		{5DC709FC-00D1-4CE7-B468-EC0E3C8CF1B2}.Release|Any CPU.ActiveCfg = Release|Any CPU
		{5DC709FC-00D1-4CE7-B468-EC0E3C8CF1B2}.Release|Any CPU.Build.0 = Release|Any CPU
	EndGlobalSection
	GlobalSection(SolutionProperties) = preSolution
		HideSolutionNode = FALSE
	EndGlobalSection
	GlobalSection(ExtensibilityGlobals) = postSolution
		SolutionGuid = {E8B641B6-4D18-41CE-89F8-43E1EA320071}
	EndGlobalSection
EndGlobal
